{
  "name": "plugin-csv-to-lineup",
  "version": "1.0.0",
  "lockfileVersion": 3,
  "requires": true,
  "packages": {
    "": {
      "name": "plugin-csv-to-lineup",
      "version": "1.0.0",
      "hasInstallScript": true,
      "dependencies": {
        "@rogieking/figui3": "^6.4.8"
      },
      "devDependencies": {
        "@figma/plugin-typings": "^1.108.0",
        "typescript": "^5.4.0"
      }
    },
    "node_modules/@figma/plugin-typings": {
      "version": "1.127.0",
      "resolved": "https://registry.npmjs.org/@figma/plugin-typings/-/plugin-typings-1.127.0.tgz",
      "integrity": "sha512-Y8fjfUCdWN6bUTs1wsd9GFZ3zF4USDVNmmxfUo/4Ia7NmFemSK2nBxOu7BKcusEHCERwiO7N8iOqw5jwvbL80g==",
      "dev": true,
      "license": "MIT License"
    },
    "node_modules/@rogieking/figui3": {
      "version": "6.4.8",
      "resolved": "https://registry.npmjs.org/@rogieking/figui3/-/figui3-6.4.8.tgz",
      "integrity": "sha512-PYdLO5pdo0sDMdE5qrC8XkFakP9kJjuDrfo6sawHt4U9SHf1CD0ge2pPBExA5Q+AO7HjYWDmXHolIG9xXTBiig==",
      "license": "MIT",
      "peerDependencies": {
        "typescript": "^5.0.0"
      }
    },
    "node_modules/typescript": {
      "version": "5.9.3",
      "resolved": "https://registry.npmjs.org/typescript/-/typescript-5.9.3.tgz",
      "integrity": "sha512-jl1vZzPDinLr9eUt3J/t7V6FgNEw9QjvBPdysz9KfQDD41fQrC2Y4vKQdiaUpFT4bXlb1RHhLpp8wtm6M5TgSw==",
      "license": "Apache-2.0",
      "bin": {
        "tsc": "bin/tsc",
        "tsserver": "bin/tsserver"
      },
      "engines": {
        "node": ">=14.17"
      }
    }
  }
}
